version = 1
requires-python = ">=3.12"

[[package]]
name = "colorama"
version = "0.4.6"
source = { registry = "https://pypi.org/simple" }
sdist = { url = "https://files.pythonhosted.org/packages/d8/53/6f443c9a4a8358a93a6792e2acffb9d9d5cb0a5cfd8802644b7b1c9a02e4/colorama-0.4.6.tar.gz", hash = "sha256:08695f5cb7ed6e0531a20572697297273c47b8cae5a63ffc6d6ed5c201be6e44", size = 27697 }
wheels = [
    { url = "https://files.pythonhosted.org/packages/d1/d6/3965ed04c63042e047cb6a3e6ed1a63a35087b6a609aa3a15ed8ac56c221/colorama-0.4.6-py2.py3-none-any.whl", hash = "sha256:4f1d9991f5acc0ca119f9d443620b77f9d6b33703e51011c16baf57afb285fc6", size = 25335 },
]

[[package]]
name = "greenlet"
version = "3.5.4"
source = { registry = "https://pypi.org/simple" }
sdist = { url = "https://files.pythonhosted.org/packages/a3/74/b13368064b09053253555d3f2839cc2684d22d5aed0d2ccffbf7a6736558/greenlet-3.5.4.tar.gz", hash = "sha256:0232ae1de90a8e07867bb127d7a6ba2301e859145489f25cda8a6096dabe1d20", size = 206538 }
wheels = [
    { url = "https://files.pythonhosted.org/packages/f3/04/81bd731d6d1e3a469d9a4c36f5eb069bcf0cbb2d5d342c9fec22245b91fc/greenlet-3.5.4-cp312-cp312-macosx_11_0_universal2.whl", hash = "sha256:3d66250e8b09f182ede05490998c818b5961f7a3640332d44c4927caec7bbfe4", size = 295909 },
    { url = "https://files.pythonhosted.org/packages/cc/dd/f5f22903a6ae70f5ea328ed0beaec92ad903f0e3b7d2845133b354abc4b8/greenlet-3.5.4-cp312-cp312-manylinux_2_24_aarch64.manylinux_2_28_aarch64.whl", hash = "sha256:c90e930c9c192e5b3ee9fb8bcd920ea3926155e2e3ded39fc697323addecee17", size = 612011 },
    { url = "https://files.pythonhosted.org/packages/8e/10/92a4a88d12b915d74ea5b6d288e4afefda4771647caa34442c156f7a454f/greenlet-3.5.4-cp312-cp312-manylinux_2_24_ppc64le.manylinux_2_28_ppc64le.whl", hash = "sha256:791fdfeeb9c6e0c7b10fa151bf110d2a6974866f13dcb5b1c7efae698245893a", size = 624299 },
    { url = "https://files.pythonhosted.org/packages/6c/f9/03e26be3487c5238e81f2b84714959a86ea8515a869828cf41f4fc54b34e/greenlet-3.5.4-cp312-cp312-manylinux_2_24_s390x.manylinux_2_28_s390x.whl", hash = "sha256:b7c895310363f310361e0fe2072af85269d2a2a285cd04c0c59e79a5e3670dcf", size = 629603 },
    { url = "https://files.pythonhosted.org/packages/50/6d/0b14bb9db2989f32cd9fe7f76afedea01ee8bee3f87c07e69f24adfe7e63/greenlet-3.5.4-cp312-cp312-manylinux_2_24_x86_64.manylinux_2_28_x86_64.whl", hash = "sha256:f88193799d43dbf8c8a806d6405c9c52fe2af40bf75072a606357b33cc336c7f", size = 621541 },
    { url = "https://files.pythonhosted.org/packages/57/6b/7c55ca72ef80d57c16c4a55210f82582622462dc4485799a30f4ec6f3372/greenlet-3.5.4-cp312-cp312-manylinux_2_39_riscv64.whl", hash = "sha256:13b980043cb1b3134e81ea469da1250ddcc6bfe6d245bbaa59168d9cdc8f228f", size = 432554 },
    { url = "https://files.pythonhosted.org/packages/48/3d/25e9a2d9eb6b2e8b7ca4e80a3a26cb887cce6c8e0a87c921164f11bc5574/greenlet-3.5.4-cp312-cp312-musllinux_1_2_aarch64.whl", hash = "sha256:b7a5f095767c4493afcd06067f2bb3b8716e3f3f9e92b99c88e7e99f885b3d4d", size = 1581444 },
    { url = "https://files.pythonhosted.org/packages/b9/96/4c9bf2e2c408dcc0556edce69efa9f802e82223573c53240136a086821f1/greenlet-3.5.4-cp312-cp312-musllinux_1_2_x86_64.whl", hash = "sha256:42afdc1ab5f66da8c586c32af9224a74a706b4f0ea0dc3a4188a0860a09c65c9", size = 1645842 },
    { url = "https://files.pythonhosted.org/packages/b5/41/303ecb26a3a56122c0f4d4073ee078881847bd6b6f463ae0ec57ec20223b/greenlet-3.5.4-cp312-cp312-win_amd64.whl", hash = "sha256:60149df8f462d1b230038e6590c23c3b4768bb5d6c022b3b6e82532b34b0b8a3", size = 247169 },
    { url = "https://files.pythonhosted.org/packages/a4/e3/ef56864b4c35fcb3eb3b41b869f6cc46f4cd3f5e2c68e74acde8ac433951/greenlet-3.5.4-cp312-cp312-win_arm64.whl", hash = "sha256:77d6ce04fed0d9aeed42e0f37923cc43eba9b027bdd9c34546bb4ccd143d0fe0", size = 245565 },
    { url = "https://files.pythonhosted.org/packages/c0/9a/e51225dcd58713f16ccbdcc501a8da21098ea14515b7870f1f94459e5ff5/greenlet-3.5.4-cp313-cp313-macosx_11_0_universal2.whl", hash = "sha256:24e61b88cb7e1b1d794b32a10cc346ac779681d6d74ff137a3e0a444d2bf1f02", size = 294831 },
    { url = "https://files.pythonhosted.org/packages/9f/ea/de50a50fadf979713ab18b46f22ad5ff5f2dcfc637a3ebdecf669801e1a5/greenlet-3.5.4-cp313-cp313-manylinux_2_24_aarch64.manylinux_2_28_aarch64.whl", hash = "sha256:870d730fec833f5a06906a32596cc099b9161594642a92a520b7a88911c95356", size = 614619 },
    { url = "https://files.pythonhosted.org/packages/db/c7/2aae27fea41205b8650294c301f042a2a4bb6155eea48c995b890a92f2c1/greenlet-3.5.4-cp313-cp313-manylinux_2_24_ppc64le.manylinux_2_28_ppc64le.whl", hash = "sha256:ec5ff0d1878df6af3bf9b638a5a92a7d5693291de77c91bff10fa48519c604ef", size = 627021 },
    { url = "https://files.pythonhosted.org/packages/1b/80/fb4d4788bbc8e54761f1fc88533af9523a6e86299fa113d6e8a8503ed9fc/greenlet-3.5.4-cp313-cp313-manylinux_2_24_s390x.manylinux_2_28_s390x.whl", hash = "sha256:07bd44616608d873d06735b63ef1a88191d6ca57c8d291d6559c71bc14c0893c", size = 632845 },
    { url = "https://files.pythonhosted.org/packages/eb/56/79fd826f9ccaae0b84e1b4ef68dabba5e105bb044ffcd448a0b782fcba9a/greenlet-3.5.4-cp313-cp313-manylinux_2_24_x86_64.manylinux_2_28_x86_64.whl", hash = "sha256:d84d993f6e575c950d91a23c1345d18fe1a4310d447bf630849d7809196b52f0", size = 624002 },
    { url = "https://files.pythonhosted.org/packages/42/e3/6086fa578ebb72772722cdc4bcd628459814b42e0c2db1e3cbd6552b3271/greenlet-3.5.4-cp313-cp313-manylinux_2_39_riscv64.whl", hash = "sha256:3529a8a933582ad19e224792cac7372489526576b75b4c124e8e4f29948f4861", size = 435053 },
    { url = "https://files.pythonhosted.org/packages/0a/1a/27319f97e731298513dcba1a2e91b63e9d8811d9de22130f960b129b1bf1/greenlet-3.5.4-cp313-cp313-musllinux_1_2_aarch64.whl", hash = "sha256:58023945f421093de5e6fa108c0985a8659d43f49e0216da25099369a121bcbd", size = 1581533 },
    { url = "https://files.pythonhosted.org/packages/b1/6d/24240bf562e9786dd2799ee0a4a4dadb4ded22510f41b20245099159ac8c/greenlet-3.5.4-cp313-cp313-musllinux_1_2_x86_64.whl", hash = "sha256:bae2728e1897aa8df8cb1af38cd48b3a743aefe29372de7b8b7a9f532501e69f", size = 1645781 },
    { url = "https://files.pythonhosted.org/packages/c1/5a/442ab1a9ef7ca6bf7210e5397a95972206a91a31033a03c8900866a10039/greenlet-3.5.4-cp313-cp313-win_amd64.whl", hash = "sha256:ca5726c0b08ca35ae873557266a78b2c3f3b2b7d7401aa5ff886c2045dd0111c", size = 247133 },
    { url = "https://files.pythonhosted.org/packages/3e/e6/9160210222386b1a378ff94db846b9508ca24a121cf684991561fdb69280/greenlet-3.5.4-cp313-cp313-win_arm64.whl", hash = "sha256:7c1303791d603080cac6fc3b34df51c3b75b723739c282c8029e48a0d241672f", size = 245500 },
    { url = "https://files.pythonhosted.org/packages/a5/a7/6ab1d4f9cd548d15ab90da29947f2076100130bb179b0bde59f795a459e3/greenlet-3.5.4-cp314-cp314-macosx_11_0_universal2.whl", hash = "sha256:7e8afa5eac028f8140ceafe5ceec66e6aa127ddcb21452d2a564dcd2900b5f22", size = 295410 },
    { url = "https://files.pythonhosted.org/packages/cd/7a/422f63b4715cbc0b24385305407adf38b48f6bb68b3e6b04090e994d0f5a/greenlet-3.5.4-cp314-cp314-manylinux_2_24_aarch64.manylinux_2_28_aarch64.whl", hash = "sha256:73b37afe369021423ea53dd3123e04bffa7e93ac64429b9f50835b2e4fcae7cf", size = 661286 },
    { url = "https://files.pythonhosted.org/packages/d0/31/5a1cac663bf5582190c5a714ef81364f03cde232227f39748f8ae4c11da5/greenlet-3.5.4-cp314-cp314-manylinux_2_24_ppc64le.manylinux_2_28_ppc64le.whl", hash = "sha256:3ef964f56dfcb6f9bbef2a190d9126795eac408716aeae47b5e7c73c32aafca9", size = 673517 },
    { url = "https://files.pythonhosted.org/packages/9c/bf/250c2921c7b585dde12f5239e313ca2dcbc464d161ecca36e4e6ef21762d/greenlet-3.5.4-cp314-cp314-manylinux_2_24_s390x.manylinux_2_28_s390x.whl", hash = "sha256:cef589bc65fae02d10bca2ac341191c5b33acc2967892ebf4fcbd10eabb7a74c", size = 677968 },
    { url = "https://files.pythonhosted.org/packages/15/4a/2a82a1e3f8aaca020853ac8d12211280ca2b231aa08ea39f636f1060c319/greenlet-3.5.4-cp314-cp314-manylinux_2_24_x86_64.manylinux_2_28_x86_64.whl", hash = "sha256:9c53ff01a5c53a40f2c16820ebc56d7c61a77f5fbe009dadd96292d5682f80f8", size = 670917 },
    { url = "https://files.pythonhosted.org/packages/18/40/10bfcf6513558d82f7b95dd728001c63bd388259fe27d3e30ae01f103430/greenlet-3.5.4-cp314-cp314-manylinux_2_39_riscv64.whl", hash = "sha256:dfc41ae893d9ceaf22c824f2153a88b30651b20e8758c2cd9ac143f23640563c", size = 480643 },
    { url = "https://files.pythonhosted.org/packages/68/b0/e379a152b17bfdfa95795af4049e37c0fd1b4d81f020d426db104ed07c77/greenlet-3.5.4-cp314-cp314-musllinux_1_2_aarch64.whl", hash = "sha256:ecca4d80d55a01ad6b23b33262662956149fbb7b2c6be2910f1705921958cbf3", size = 1628478 },
    { url = "https://files.pythonhosted.org/packages/5e/43/bffdfa64f7317f954c5c1230b5dd5922676ce198689a68c1ac1ed4b1b1a5/greenlet-3.5.4-cp314-cp314-musllinux_1_2_x86_64.whl", hash = "sha256:2ffbc533e0eaf8e80d8471411646ab88fe58f641d508c0b02b24494479f4d9ec", size = 1692021 },
    { url = "https://files.pythonhosted.org/packages/d0/11/f799f9637e2c6e9b0b716015e339040598b058cf7654dfc0d67468b177ed/greenlet-3.5.4-cp314-cp314-win_amd64.whl", hash = "sha256:305f69e6c4523d7f6979ed001cff4e5853c063e5da04880296603aa0227e544c", size = 248031 },
    { url = "https://files.pythonhosted.org/packages/05/75/625bcdd74d5e6b2dca1ecba3c3ac77bcf8a026c21a649a46cef23e421f97/greenlet-3.5.4-cp314-cp314-win_arm64.whl", hash = "sha256:f260930bbbbcf9caee661211235a5111c86dfe5832fdf6ae4570da1e0995320f", size = 246892 },
    { url = "https://files.pythonhosted.org/packages/ec/69/35c62ed49c320cb4d98e14698ccca5467d3bfe683984172be9cb564d9ce3/greenlet-3.5.4-cp314-cp314t-macosx_11_0_universal2.whl", hash = "sha256:41ddab54e4b238f4a6c323f39b4e59e176affd5a94d461a9fb7583dac74240a3", size = 305571 },
    { url = "https://files.pythonhosted.org/packages/5b/6c/64d60216b3640dcb0b62d913dd9e0d80030c09115bb2e4ba70c95d10ca45/greenlet-3.5.4-cp314-cp314t-manylinux_2_24_aarch64.manylinux_2_28_aarch64.whl", hash = "sha256:b3dabe3e2809013052c68bdf0b7fa5f5f2859c43a80803131ad61af9cabd7867", size = 672568 },
    { url = "https://files.pythonhosted.org/packages/5c/de/ba3ab0a96292e53039530333b0d2ae18d9e508f3a325cd7bf15f8172944c/greenlet-3.5.4-cp314-cp314t-manylinux_2_24_ppc64le.manylinux_2_28_ppc64le.whl", hash = "sha256:27d3f00718634d4520a3a150154ac5da36f257869d41321953375b90bfbbc72c", size = 680076 },
    { url = "https://files.pythonhosted.org/packages/ae/db/24a10af12bf8e639cec46c38b9ce1a282543ba42ff4fb0b31a970f1ab603/greenlet-3.5.4-cp314-cp314t-manylinux_2_24_s390x.manylinux_2_28_s390x.whl", hash = "sha256:39169a11d87a6a263afda3e9a27d1df16d0f919d40a4837cc73986c9884c0dd8", size = 681690 },
    { url = "https://files.pythonhosted.org/packages/a5/be/aeada79083c6f1c15f45d77a332f9c441af263ee298e3eb17522cd337d22/greenlet-3.5.4-cp314-cp314t-manylinux_2_24_x86_64.manylinux_2_28_x86_64.whl", hash = "sha256:cbd60b5763c6543c1827e48faaf14ea9bfbad245f52b1a4d76a2a2d8884c6c66", size = 676733 },
    { url = "https://files.pythonhosted.org/packages/f4/60/44a2eca7b9fd71ae0fae7ff184da1cd3169d176652b97aa1cffcbb0ef961/greenlet-3.5.4-cp314-cp314t-manylinux_2_39_riscv64.whl", hash = "sha256:bd3d1145f603b2db19feb9078c2e6855eb7c67e15580c010ed815cee519b86fd", size = 510263 },
    { url = "https://files.pythonhosted.org/packages/e9/10/2392fc3a98948652ef5fd1e7275c04f861dd13f74b78a2b4309f4ee4d090/greenlet-3.5.4-cp314-cp314t-musllinux_1_2_aarch64.whl", hash = "sha256:f00f910f0e7b35416c63b23ad78b769aeccfc1775f712b43c4ee525624a2eef7", size = 1637327 },
    { url = "https://files.pythonhosted.org/packages/55/c6/e7237a3dfa1f205ed0d9ea1e46d70bd2811b32d516266399fb59d28ab90a/greenlet-3.5.4-cp314-cp314t-musllinux_1_2_x86_64.whl", hash = "sha256:91c26423753b92caf41ab3f98fd547d7374d4d9fc2d85be041886c1579d9255e", size = 1697493 },
    { url = "https://files.pythonhosted.org/packages/55/e3/4ba8154ba2a3d43729e499f72471b4b5c993f3826d3e24da81d5f06d6572/greenlet-3.5.4-cp314-cp314t-win_amd64.whl", hash = "sha256:ee032b91fd8ec29ec6c4cea2b8c561b178435134bd0752c7334b94e9c736c132", size = 251637 },
    { url = "https://files.pythonhosted.org/packages/90/03/e3f96dfc100261a29545ddc8270cafe58f9195b6651466910e820910de77/greenlet-3.5.4-cp315-cp315-macosx_11_0_universal2.whl", hash = "sha256:178111881dd7a6c946471fda85485ec796e1043c2b939f694b096e2ecf986809", size = 296076 },
    { url = "https://files.pythonhosted.org/packages/a4/3d/da52d208e5c977bce8667e784729e584e38b5785f4c1ec0f4c836e9a1c42/greenlet-3.5.4-cp315-cp315-manylinux_2_24_aarch64.manylinux_2_28_aarch64.whl", hash = "sha256:d92df08dd65fede97fc37aad36c2e9dcda3b31c467f8e0c2c096456cb818e927", size = 666870 },
    { url = "https://files.pythonhosted.org/packages/2d/8a/7e6dee25cb8a8cf9b362c8e597cc269593378bd916f16c736c059a52e85a/greenlet-3.5.4-cp315-cp315-manylinux_2_24_ppc64le.manylinux_2_28_ppc64le.whl", hash = "sha256:99e8f8c4ebc4fd80aa26c1280ae9ad43a0976e786349703a181cf0bae60413e5", size = 677678 },
    { url = "https://files.pythonhosted.org/packages/51/a7/dafc7415d430b0a43a16396eb49ecb3b62fd720877fb259cc4dcfaf5f31e/greenlet-3.5.4-cp315-cp315-manylinux_2_24_s390x.manylinux_2_28_s390x.whl", hash = "sha256:1f17e362d78e37559e0506c5a7d066bdd45073c36a0127a543e8a0df27242ff3", size = 681428 },
    { url = "https://files.pythonhosted.org/packages/6c/21/5a38699fa45de749e3857d93b8f07e4c20489e77c2d35d915a2e1c456606/greenlet-3.5.4-cp315-cp315-manylinux_2_24_x86_64.manylinux_2_28_x86_64.whl", hash = "sha256:394de08dad5ffcb1f50c2159d93e398d9d2da3ed437645eaa54771fa720db9f0", size = 676067 },
    { url = "https://files.pythonhosted.org/packages/2e/d9/6298f3432de301d4718766cf934bd73c418c73f81fbb77247319364b0d96/greenlet-3.5.4-cp315-cp315-manylinux_2_39_riscv64.whl", hash = "sha256:cd320d998cbaa032932830448e39abf3c6a12901295e386e8114db926e10cffb", size = 487446 },
    { url = "https://files.pythonhosted.org/packages/5e/ba/863116ab8ff1ca7a729e327800268939d182db47aa433db70e216e7d9194/greenlet-3.5.4-cp315-cp315-musllinux_1_2_aarch64.whl", hash = "sha256:c883d61f2282d72c767a14936641b3efcbde9d82f1080712aaea0b1d3126cb88", size = 1633489 },
    { url = "https://files.pythonhosted.org/packages/fa/06/7466ced82818d6132462d7f26b3f83c66ea15d2b193a6c0088d558ed7d95/greenlet-3.5.4-cp315-cp315-musllinux_1_2_x86_64.whl", hash = "sha256:2a924f15d17957e252a810acefcb5942f5ca712298e8b6fcaed9a307d357522c", size = 1696584 },
    { url = "https://files.pythonhosted.org/packages/f9/4d/55b638489260065de9ffce606c8b5d04507bef705de4b212a0c3d6a1a0df/greenlet-3.5.4-cp315-cp315-win_amd64.whl", hash = "sha256:ed17e5f3420360d5b459de8462efb52060399a5326a613d4cde31cef63ef95da", size = 248297 },
    { url = "https://files.pythonhosted.org/packages/bb/08/9dd4ae635da93d41dc268bc34bd62a9d711ed8b8825c5d22ac910c7d6e6d/greenlet-3.5.4-cp315-cp315-win_arm64.whl", hash = "sha256:f908898d6fa484ce4b6f447ce70ea99b52c503fee419e53cf74d60a16bc9e667", size = 247423 },
    { url = "https://files.pythonhosted.org/packages/19/66/7c87ed9cdbf1d49c2c6cd1c7b9dd4d16c33b24235ca03972293a1876b30c/greenlet-3.5.4-cp315-cp315t-macosx_11_0_universal2.whl", hash = "sha256:1833637f17d5e7472548a48575c394fe39f1b1890d676d162d86593610f44d8c", size = 306487 },
    { url = "https://files.pythonhosted.org/packages/5b/05/0a4201e7c0054866eefc05da234f236dd4c950d0fbf9ca0517141f01b269/greenlet-3.5.4-cp315-cp315t-manylinux_2_24_aarch64.manylinux_2_28_aarch64.whl", hash = "sha256:12cda9122e03341f1cb6b8207a19d7a9d375e52f1b4e9243918375f40fd7b4b9", size = 676479 },
    { url = "https://files.pythonhosted.org/packages/3d/c0/4b6b8c5a3aec70f0649cd89662d120fdd6421e2bdc8e3b15c3ab5ec568d8/greenlet-3.5.4-cp315-cp315t-manylinux_2_24_ppc64le.manylinux_2_28_ppc64le.whl", hash = "sha256:d83ae0e32d14957ab7170785a20f582635c8474deab1bfbb552b17e769a6ce25", size = 684321 },
    { url = "https://files.pythonhosted.org/packages/88/15/0b167aeea95285b0e654ddce651922f666c089363c2ec528ca8b9a9ba74f/greenlet-3.5.4-cp315-cp315t-manylinux_2_24_s390x.manylinux_2_28_s390x.whl", hash = "sha256:123aa379c962ed5fe90a880327e0c3066124ac64ec99e12a238be9fd8eb3db3d", size = 685995 },
    { url = "https://files.pythonhosted.org/packages/24/c9/b49c31c9a972eee91e260445770e922244a7efc542697f51a012ec046d0f/greenlet-3.5.4-cp315-cp315t-manylinux_2_24_x86_64.manylinux_2_28_x86_64.whl", hash = "sha256:9f1467de1bb767f75db0aa34c195e3a496d8d1278c796e70c24ce205d3e99cde", size = 681293 },
    { url = "https://files.pythonhosted.org/packages/de/90/c023ec337f32ff505be7db759c80d98f0532bb94d0c6fa13645efe9bee2e/greenlet-3.5.4-cp315-cp315t-manylinux_2_39_riscv64.whl", hash = "sha256:adf2244d7f69409925a8f22ed22cc5f93cdfe5c9dc87ff3476be2c2aaae61a05", size = 516928 },
    { url = "https://files.pythonhosted.org/packages/95/6f/7f2d4653770500eee667866016d42d7a68e3d3462f80df6b8e3fcd48a0eb/greenlet-3.5.4-cp315-cp315t-musllinux_1_2_aarch64.whl", hash = "sha256:0fa53040b78b578120eecdc0265e3f1051487cc425d11a2b7c761daadf4feaa8", size = 1642474 },
    { url = "https://files.pythonhosted.org/packages/5a/d8/8cba31036a4caae448087ba5d150660ab03b4a0f54d9150f6495a3be7262/greenlet-3.5.4-cp315-cp315t-musllinux_1_2_x86_64.whl", hash = "sha256:60e0bc961d367df506660e9ac0177a76bc6d81305300704b0977d1634f76efe2", size = 1701012 },
    { url = "https://files.pythonhosted.org/packages/e3/cd/3f77a4cce3bae631b08eb52f53a82a976669600337e21dfdba811cb50267/greenlet-3.5.4-cp315-cp315t-win_amd64.whl", hash = "sha256:f680e549edb3eaf21eea4e7fe101e15ec180c74b7879ab46adc080f22d4015d2", size = 251977 },
    { url = "https://files.pythonhosted.org/packages/93/e8/65e8707d00fe2a49bf12f609a9b2b39ba6dd23c2810eacad877c4fc94bfe/greenlet-3.5.4-cp315-cp315t-win_arm64.whl", hash = "sha256:08fc36de8442d5c3e95b044550dbea9bf144d31ec0cc58e36fb241cb6ef6a994", size = 250538 },
]

[[package]]
name = "iniconfig"
version = "2.3.0"
source = { registry = "https://pypi.org/simple" }
sdist = { url = "https://files.pythonhosted.org/packages/72/34/14ca021ce8e5dfedc35312d08ba8bf51fdd999c576889fc2c24cb97f4f10/iniconfig-2.3.0.tar.gz", hash = "sha256:c76315c77db068650d49c5b56314774a7804df16fee4402c1f19d6d15d8c4730", size = 20503 }
wheels = [
    { url = "https://files.pythonhosted.org/packages/cb/b1/3846dd7f199d53cb17f49cba7e651e9ce294d8497c8c150530ed11865bb8/iniconfig-2.3.0-py3-none-any.whl", hash = "sha256:f631c04d2c48c52b84d0d0549c99ff3859c98df65b3101406327ecc7d53fbf12", size = 7484 },
]

[[package]]
name = "packaging"
version = "26.3"
source = { registry = "https://pypi.org/simple" }
sdist = { url = "https://files.pythonhosted.org/packages/7d/fa/3944b40b07da9ce895c0e6303a5ab7d53da063554f534556b134a54d6093/packaging-26.3.tar.gz", hash = "sha256:94edc256424af38762eb31306eed28beb9f0efc50a8837492c9d6fd6004aed79", size = 313412 }
wheels = [
    { url = "https://files.pythonhosted.org/packages/63/34/ba1c580383c9eada3711951fef0795c80b829a078d72188184bcab9dd527/packaging-26.3-py3-none-any.whl", hash = "sha256:d7193f7c8e4e93f444fde0262bf90af30e16fa0ad0ad44cb553c87339b23cd1c", size = 129956 },
]

[[package]]
name = "pluggy"
version = "1.6.0"
source = { registry = "https://pypi.org/simple" }
sdist = { url = "https://files.pythonhosted.org/packages/f9/e2/3e91f31a7d2b083fe6ef3fa267035b518369d9511ffab804f839851d2779/pluggy-1.6.0.tar.gz", hash = "sha256:7dcc130b76258d33b90f61b658791dede3486c3e6bfb003ee5c9bfb396dd22f3", size = 69412 }
wheels = [
    { url = "https://files.pythonhosted.org/packages/54/20/4d324d65cc6d9205fabedc306948156824eb9f0ee1633355a8f7ec5c66bf/pluggy-1.6.0-py3-none-any.whl", hash = "sha256:e920276dd6813095e9377c0bc5566d94c932c33b27a3e3945d8389c374dd4746", size = 20538 },
]

[[package]]
name = "pygments"
version = "2.20.0"
source = { registry = "https://pypi.org/simple" }
sdist = { url = "https://files.pythonhosted.org/packages/c3/b2/bc9c9196916376152d655522fdcebac55e66de6603a76a02bca1b6414f6c/pygments-2.20.0.tar.gz", hash = "sha256:6757cd03768053ff99f3039c1a36d6c0aa0b263438fcab17520b30a303a82b5f", size = 4955991 }
wheels = [
    { url = "https://files.pythonhosted.org/packages/f4/7e/a72dd26f3b0f4f2bf1dd8923c85f7ceb43172af56d63c7383eb62b332364/pygments-2.20.0-py3-none-any.whl", hash = "sha256:81a9e26dd42fd28a23a2d169d86d7ac03b46e2f8b59ed4698fb4785f946d0176", size = 1231151 },
]

[[package]]
name = "pytest"
version = "9.0.3"
source = { registry = "https://pypi.org/simple" }
dependencies = [
    { name = "colorama", marker = "sys_platform == 'win32'" },
    { name = "iniconfig" },
    { name = "packaging" },
    { name = "pluggy" },
    { name = "pygments" },
]
sdist = { url = "https://files.pythonhosted.org/packages/7d/0d/549bd94f1a0a402dc8cf64563a117c0f3765662e2e668477624baeec44d5/pytest-9.0.3.tar.gz", hash = "sha256:b86ada508af81d19edeb213c681b1d48246c1a91d304c6c81a427674c17eb91c", size = 1572165 }
wheels = [
    { url = "https://files.pythonhosted.org/packages/d4/24/a372aaf5c9b7208e7112038812994107bc65a84cd00e0354a88c2c77a617/pytest-9.0.3-py3-none-any.whl", hash = "sha256:2c5efc453d45394fdd706ade797c0a81091eccd1d6e4bccfcd476e2b8e0ab5d9", size = 375249 },
]

[[package]]
name = "pyyaml"
version = "6.0.2"
source = { registry = "https://pypi.org/simple" }
sdist = { url = "https://files.pythonhosted.org/packages/54/ed/79a089b6be93607fa5cdaedf301d7dfb23af5f25c398d5ead2525b063e17/pyyaml-6.0.2.tar.gz", hash = "sha256:d584d9ec91ad65861cc08d42e834324ef890a082e591037abe114850ff7bbc3e", size = 130631 }
wheels = [
    { url = "https://files.pythonhosted.org/packages/86/0c/c581167fc46d6d6d7ddcfb8c843a4de25bdd27e4466938109ca68492292c/PyYAML-6.0.2-cp312-cp312-macosx_10_9_x86_64.whl", hash = "sha256:c70c95198c015b85feafc136515252a261a84561b7b1d51e3384e0655ddf25ab", size = 183873 },
    { url = "https://files.pythonhosted.org/packages/a8/0c/38374f5bb272c051e2a69281d71cba6fdb983413e6758b84482905e29a5d/PyYAML-6.0.2-cp312-cp312-macosx_11_0_arm64.whl", hash = "sha256:ce826d6ef20b1bc864f0a68340c8b3287705cae2f8b4b1d932177dcc76721725", size = 173302 },
    { url = "https://files.pythonhosted.org/packages/c3/93/9916574aa8c00aa06bbac729972eb1071d002b8e158bd0e83a3b9a20a1f7/PyYAML-6.0.2-cp312-cp312-manylinux_2_17_aarch64.manylinux2014_aarch64.whl", hash = "sha256:1f71ea527786de97d1a0cc0eacd1defc0985dcf6b3f17bb77dcfc8c34bec4dc5", size = 739154 },
    { url = "https://files.pythonhosted.org/packages/95/0f/b8938f1cbd09739c6da569d172531567dbcc9789e0029aa070856f123984/PyYAML-6.0.2-cp312-cp312-manylinux_2_17_s390x.manylinux2014_s390x.whl", hash = "sha256:9b22676e8097e9e22e36d6b7bda33190d0d400f345f23d4065d48f4ca7ae0425", size = 766223 },
    { url = "https://files.pythonhosted.org/packages/b9/2b/614b4752f2e127db5cc206abc23a8c19678e92b23c3db30fc86ab731d3bd/PyYAML-6.0.2-cp312-cp312-manylinux_2_17_x86_64.manylinux2014_x86_64.whl", hash = "sha256:80bab7bfc629882493af4aa31a4cfa43a4c57c83813253626916b8c7ada83476", size = 767542 },
    { url = "https://files.pythonhosted.org/packages/d4/00/dd137d5bcc7efea1836d6264f049359861cf548469d18da90cd8216cf05f/PyYAML-6.0.2-cp312-cp312-musllinux_1_1_aarch64.whl", hash = "sha256:0833f8694549e586547b576dcfaba4a6b55b9e96098b36cdc7ebefe667dfed48", size = 731164 },
    { url = "https://files.pythonhosted.org/packages/c9/1f/4f998c900485e5c0ef43838363ba4a9723ac0ad73a9dc42068b12aaba4e4/PyYAML-6.0.2-cp312-cp312-musllinux_1_1_x86_64.whl", hash = "sha256:8b9c7197f7cb2738065c481a0461e50ad02f18c78cd75775628afb4d7137fb3b", size = 756611 },
    { url = "https://files.pythonhosted.org/packages/df/d1/f5a275fdb252768b7a11ec63585bc38d0e87c9e05668a139fea92b80634c/PyYAML-6.0.2-cp312-cp312-win32.whl", hash = "sha256:ef6107725bd54b262d6dedcc2af448a266975032bc85ef0172c5f059da6325b4", size = 140591 },
    { url = "https://files.pythonhosted.org/packages/0c/e8/4f648c598b17c3d06e8753d7d13d57542b30d56e6c2dedf9c331ae56312e/PyYAML-6.0.2-cp312-cp312-win_amd64.whl", hash = "sha256:7e7401d0de89a9a855c839bc697c079a4af81cf878373abd7dc625847d25cbd8", size = 156338 },
    { url = "https://files.pythonhosted.org/packages/ef/e3/3af305b830494fa85d95f6d95ef7fa73f2ee1cc8ef5b495c7c3269fb835f/PyYAML-6.0.2-cp313-cp313-macosx_10_13_x86_64.whl", hash = "sha256:efdca5630322a10774e8e98e1af481aad470dd62c3170801852d752aa7a783ba", size = 181309 },
    { url = "https://files.pythonhosted.org/packages/45/9f/3b1c20a0b7a3200524eb0076cc027a970d320bd3a6592873c85c92a08731/PyYAML-6.0.2-cp313-cp313-macosx_11_0_arm64.whl", hash = "sha256:50187695423ffe49e2deacb8cd10510bc361faac997de9efef88badc3bb9e2d1", size = 171679 },
    { url = "https://files.pythonhosted.org/packages/7c/9a/337322f27005c33bcb656c655fa78325b730324c78620e8328ae28b64d0c/PyYAML-6.0.2-cp313-cp313-manylinux_2_17_aarch64.manylinux2014_aarch64.whl", hash = "sha256:0ffe8360bab4910ef1b9e87fb812d8bc0a308b0d0eef8c8f44e0254ab3b07133", size = 733428 },
    { url = "https://files.pythonhosted.org/packages/a3/69/864fbe19e6c18ea3cc196cbe5d392175b4cf3d5d0ac1403ec3f2d237ebb5/PyYAML-6.0.2-cp313-cp313-manylinux_2_17_s390x.manylinux2014_s390x.whl", hash = "sha256:17e311b6c678207928d649faa7cb0d7b4c26a0ba73d41e99c4fff6b6c3276484", size = 763361 },
    { url = "https://files.pythonhosted.org/packages/04/24/b7721e4845c2f162d26f50521b825fb061bc0a5afcf9a386840f23ea19fa/PyYAML-6.0.2-cp313-cp313-manylinux_2_17_x86_64.manylinux2014_x86_64.whl", hash = "sha256:70b189594dbe54f75ab3a1acec5f1e3faa7e8cf2f1e08d9b561cb41b845f69d5", size = 759523 },
    { url = "https://files.pythonhosted.org/packages/2b/b2/e3234f59ba06559c6ff63c4e10baea10e5e7df868092bf9ab40e5b9c56b6/PyYAML-6.0.2-cp313-cp313-musllinux_1_1_aarch64.whl", hash = "sha256:41e4e3953a79407c794916fa277a82531dd93aad34e29c2a514c2c0c5fe971cc", size = 726660 },
    { url = "https://files.pythonhosted.org/packages/fe/0f/25911a9f080464c59fab9027482f822b86bf0608957a5fcc6eaac85aa515/PyYAML-6.0.2-cp313-cp313-musllinux_1_1_x86_64.whl", hash = "sha256:68ccc6023a3400877818152ad9a1033e3db8625d899c72eacb5a668902e4d652", size = 751597 },
    { url = "https://files.pythonhosted.org/packages/14/0d/e2c3b43bbce3cf6bd97c840b46088a3031085179e596d4929729d8d68270/PyYAML-6.0.2-cp313-cp313-win32.whl", hash = "sha256:bc2fa7c6b47d6bc618dd7fb02ef6fdedb1090ec036abab80d4681424b84c1183", size = 140527 },
    { url = "https://files.pythonhosted.org/packages/fa/de/02b54f42487e3d3c6efb3f89428677074ca7bf43aae402517bc7cca949f3/PyYAML-6.0.2-cp313-cp313-win_amd64.whl", hash = "sha256:8388ee1976c416731879ac16da0aff3f63b286ffdd57cdeb95f3f2e085687563", size = 156446 },
]

[[package]]
name = "sqlalchemy"
version = "2.0.50"
source = { registry = "https://pypi.org/simple" }
dependencies = [
    { name = "greenlet", marker = "platform_machine == 'AMD64' or platform_machine == 'WIN32' or platform_machine == 'aarch64' or platform_machine == 'amd64' or platform_machine == 'ppc64le' or platform_machine == 'win32' or platform_machine == 'x86_64'" },
    { name = "typing-extensions" },
]
sdist = { url = "https://files.pythonhosted.org/packages/57/da/6fbf010c8ebb347679d0d100b22fe9ba5e13fd04046c5df7280d2f0bf706/sqlalchemy-2.0.50.tar.gz", hash = "sha256:af5607d11ef90fd6a5c0549fe0045dce1663d427426bcfb506dcb5346a85a3b9", size = 9907424 }
wheels = [
    { url = "https://files.pythonhosted.org/packages/be/b0/a9d19b43f38f878b1278bca5b00b909f7540d41494396dd2561f9ad0956d/sqlalchemy-2.0.50-cp312-cp312-macosx_11_0_arm64.whl", hash = "sha256:23ae23d8b9d344d30d0a92f06d45825024a5790f1c1dd4cf452636a50d3e58cb", size = 2159807 },
    { url = "https://files.pythonhosted.org/packages/f5/2c/191dd58a248fd2cfd4780fa82c375c505e4ad98c8b522fa69ec492130d77/sqlalchemy-2.0.50-cp312-cp312-manylinux2014_aarch64.manylinux_2_17_aarch64.manylinux_2_28_aarch64.whl", hash = "sha256:47b71b933e7b4ebad407c8fdfd70d2c4f08b78b3238bb30eebdd6eb32ca51b89", size = 3343358 },
    { url = "https://files.pythonhosted.org/packages/8a/2b/514fce8a7df81cf5bad7ff7865de7ac0c5776a38cc043475c4703eb7fe8b/sqlalchemy-2.0.50-cp312-cp312-manylinux2014_x86_64.manylinux_2_17_x86_64.manylinux_2_28_x86_64.whl", hash = "sha256:110fdac56ace278949f00de805edacbd6141e382d992f9ba28238b3a0827a600", size = 3357994 },
    { url = "https://files.pythonhosted.org/packages/35/a6/a0e283f5494f92b0d77e319ff77e437b1ffe4a051ba67c81d53234825475/sqlalchemy-2.0.50-cp312-cp312-musllinux_1_2_aarch64.whl", hash = "sha256:0f5e4ac70e9e757f6b3e87c0491ff034442ecd8dfd36d041a50564c322dafc0e", size = 3289399 },
    { url = "https://files.pythonhosted.org/packages/b7/96/1b07325ba71752d6a028b77d07bed1483ad545f794e8b1dc89b3ba3b3c68/sqlalchemy-2.0.50-cp312-cp312-musllinux_1_2_x86_64.whl", hash = "sha256:724f3dcbe53dd0151e3cb5e7ec4ba4c620bede579caacd16275dc35ce06e8615", size = 3321216 },
    { url = "https://files.pythonhosted.org/packages/ed/8e/bad6ed253e8a99edfc99af02f7173ec48a1d3ed1b9b35a1b8bc1700900cc/sqlalchemy-2.0.50-cp312-cp312-win32.whl", hash = "sha256:1208050441471d003b7c8cb4054fb084f185cf35ac3f0ea270803865bca9939a", size = 2119194 },
    { url = "https://files.pythonhosted.org/packages/b6/2d/314a6690dda4b9cfc571eab1a63cf6fe6e1470aa3759ccda6aa016ee0f5a/sqlalchemy-2.0.50-cp312-cp312-win_amd64.whl", hash = "sha256:9d1af51558029a156a70986b7df88f042b3d158d7c8d8fb5072912d4b32d89c7", size = 2146186 },
    { url = "https://files.pythonhosted.org/packages/0b/c4/c42356b527296e9862f67990efce31ef78b4cf69cd3f80873a528a060320/sqlalchemy-2.0.50-cp313-cp313-macosx_11_0_arm64.whl", hash = "sha256:06a9210bdc5f4298cff0781087e2ff45683922252dacc452846373a58761f093", size = 2156697 },
    { url = "https://files.pythonhosted.org/packages/60/a1/b1a70e3c4365ac7fe9e347f3710f19b562c866fb96d45e3c891588789a7b/sqlalchemy-2.0.50-cp313-cp313-manylinux2014_aarch64.manylinux_2_17_aarch64.manylinux_2_28_aarch64.whl", hash = "sha256:8b53784972ade4f8174b9aa661f31a06f8a936d2cfdd602913ff3c6dd40ae873", size = 3284260 },
    { url = "https://files.pythonhosted.org/packages/3f/4a/f3ac3caa19f263d57b0a47f8c91bbf56583dc2d3fc63acfbf644abb24fe0/sqlalchemy-2.0.50-cp313-cp313-manylinux2014_x86_64.manylinux_2_17_x86_64.manylinux_2_28_x86_64.whl", hash = "sha256:31648fa14460537e768a7303b078e4344d208e0d23e06867c1f376a227ed82db", size = 3302280 },
    { url = "https://files.pythonhosted.org/packages/66/55/ccada3e3d62254587819749a0bc69f41173eb48a6e385d10e66d32a9c88e/sqlalchemy-2.0.50-cp313-cp313-musllinux_1_2_aarch64.whl", hash = "sha256:03f4323c980ad0e918cc9e5369b015f759f4e534db5bbaf4dc36832c10d05064", size = 3231580 },
    { url = "https://files.pythonhosted.org/packages/05/f6/6809349130a2de0e109e7f00fd7d431da9565b9b2868b32ee684754f672b/sqlalchemy-2.0.50-cp313-cp313-musllinux_1_2_x86_64.whl", hash = "sha256:2b9dcc43afef8ac157cd92fce96985d6b8b0cfbd3df4d666f66b4d55a75d202f", size = 3269375 },
    { url = "https://files.pythonhosted.org/packages/48/84/278a811ef4e07be9c89dc5cdd7be833268509a66a68c4897cf585e67428f/sqlalchemy-2.0.50-cp313-cp313-win32.whl", hash = "sha256:60922d6599065ddca2c6f376b9aa2f41a6b85a271725e0909490bbc50b1998a5", size = 2117229 },
    { url = "https://files.pythonhosted.org/packages/f6/1c/067cc6187ed32d2ec222fe6d2643acc1659a6d0659f8a7cbc5ad3ae83280/sqlalchemy-2.0.50-cp313-cp313-win_amd64.whl", hash = "sha256:287086e67275a212c4582d166a6fb03a65ccc5551d80866270ce0dd9f34eccd3", size = 2143126 },
    { url = "https://files.pythonhosted.org/packages/df/32/10ac51b4be7cdecd7e93d069251c86dfbf70b7adbd7c67b48ccea6c49e1c/sqlalchemy-2.0.50-cp314-cp314-macosx_11_0_arm64.whl", hash = "sha256:c966932507a4d7d0a37314927dbfcd89720e3f37d2a1e3352e7ae7939fa8e8a0", size = 2158519 },
    { url = "https://files.pythonhosted.org/packages/5a/76/e703d2f7681d7d66c4c891af3f07c7ccf4c76ad7f18351de035b5eda007a/sqlalchemy-2.0.50-cp314-cp314-manylinux2014_aarch64.manylinux_2_17_aarch64.manylinux_2_28_aarch64.whl", hash = "sha256:faffef4bcc20a1892e65e155293d99d60855bbbc79250ab712819cfd56a8e6bb", size = 3282063 },
    { url = "https://files.pythonhosted.org/packages/31/26/ef168b184a25701f9995e8fb7e503fafd7a99c1c77cda1bc1a26ea2ed486/sqlalchemy-2.0.50-cp314-cp314-manylinux2014_x86_64.manylinux_2_17_x86_64.manylinux_2_28_x86_64.whl", hash = "sha256:6c206aec519a2e7bd08abbfb33436e325fd22c632d9c21a9047e376ce241646e", size = 3287069 },
    { url = "https://files.pythonhosted.org/packages/c2/15/765acc2bc693bccc43ca4a95d5b69750da8aaf6db1b5c616536e087f8920/sqlalchemy-2.0.50-cp314-cp314-musllinux_1_2_aarch64.whl", hash = "sha256:bef4ac756363227ef6402a75fee025a4bc690f92328e825868939b3b3a446a6d", size = 3230453 },
    { url = "https://files.pythonhosted.org/packages/63/61/08e03c3adbf5db0087a0b6816746fec8f3032fb2f7fc899a9bb9b2a48ce4/sqlalchemy-2.0.50-cp314-cp314-musllinux_1_2_x86_64.whl", hash = "sha256:96fbee6b19c19cd1556c8bf9419447cf2ec149ffcab7ab64348c23e54ef8547f", size = 3252413 },
    { url = "https://files.pythonhosted.org/packages/03/0c/370a1f2db38436c615e10134c8a37de3688e74084792380695f3f5083860/sqlalchemy-2.0.50-cp314-cp314-win32.whl", hash = "sha256:8f00e3eb43ba30eb1b238ee03a8a62309486d1321eda3328bb611e0340033ad8", size = 2120063 },
    { url = "https://files.pythonhosted.org/packages/7f/a0/fe92bb9817863bc13ba093bda931979a26cc2ca69f8e8f26d07add3d7c6f/sqlalchemy-2.0.50-cp314-cp314-win_amd64.whl", hash = "sha256:15708c613cd5005b7dffe1f66ee6a63ee8f5e46799f71c70ebad74178c676a39", size = 2145830 },
    { url = "https://files.pythonhosted.org/packages/cc/ff/e5640a98a0b2f491eb8fde10fb6c773621a2e44340de231fafcc9370f4a9/sqlalchemy-2.0.50-cp314-cp314t-macosx_11_0_arm64.whl", hash = "sha256:3699dac4be410e97049a1658e9480da9cde956594aa0f3aebc60b88f21c5ba70", size = 2178435 },
    { url = "https://files.pythonhosted.org/packages/b7/85/337116e186f1236375b5fb70c21cfac98e8e8ab0d3a47be838dc47a59e08/sqlalchemy-2.0.50-cp314-cp314t-manylinux2014_aarch64.manylinux_2_17_aarch64.manylinux_2_28_aarch64.whl", hash = "sha256:f96233858e3df43932ac11589e22520da6e8aeb624b03fedfeebb0e8ea213086", size = 3566059 },
    { url = "https://files.pythonhosted.org/packages/96/34/bb0e190e161c3c2c24314a65add57218be14a4a9486886b7f5047c1ff7c8/sqlalchemy-2.0.50-cp314-cp314t-manylinux2014_x86_64.manylinux_2_17_x86_64.manylinux_2_28_x86_64.whl", hash = "sha256:c4e70c46fad30c3bcc6a4708bc0130a3173e11a5b25f0ea4a9d8911b450f1f52", size = 3535366 },
    { url = "https://files.pythonhosted.org/packages/df/5a/a7f759f97e4fd499c5d4e4488c760d5a7fbecf3028b465a04274fcd52384/sqlalchemy-2.0.50-cp314-cp314t-musllinux_1_2_aarch64.whl", hash = "sha256:1918a3cf564d16d95bca7301005f41ab2ad50b07cd3b9da50d3ed986db148d6a", size = 3474879 },
    { url = "https://files.pythonhosted.org/packages/9d/d9/2907ea38eb60687d297bf9c39e5ee58053c87b57fe8a9cae97090cecbf10/sqlalchemy-2.0.50-cp314-cp314t-musllinux_1_2_x86_64.whl", hash = "sha256:b00098cdbdbd38c7be3d568b0c9c3122b8c0ec62b911b57cd5e6e0254d60a76d", size = 3486117 },
    { url = "https://files.pythonhosted.org/packages/f2/e3/5aa06f167559f8c0bdae487e297d23ba548150ab016a3418265d617a4985/sqlalchemy-2.0.50-cp314-cp314t-win32.whl", hash = "sha256:1fbd55a969d7ac44a98e3dec75016074f809fa08f871585ace58dde110d1bf3e", size = 2150823 },
    { url = "https://files.pythonhosted.org/packages/65/9b/112fb8f977582d7489d036e409e3723948bcf5320b3ac465f3c481bbe8f9/sqlalchemy-2.0.50-cp314-cp314t-win_amd64.whl", hash = "sha256:c5c3cdb753a9004183e1ccb634b41611654c989e61bc68617ce878e46d6f1e51", size = 2185794 },
    { url = "https://files.pythonhosted.org/packages/d0/10/f7220e9b784d295d241c86ed99aeb537f92afcd469a64861f2717e9bb077/sqlalchemy-2.0.50-py3-none-any.whl", hash = "sha256:92064363517a3ff8212b5a93b8c62876579d8dfd1ca5b561335f30152d884fa9", size = 1943861 },
]

[[package]]
name = "typing-extensions"
version = "4.16.0"
source = { registry = "https://pypi.org/simple" }
sdist = { url = "https://files.pythonhosted.org/packages/f6/cc/6253133b5bb138fc3306cebfbda2c520f545d36b5be2c7255cc528bb45d6/typing_extensions-4.16.0.tar.gz", hash = "sha256:dc983d19a509c94dba722ee6abd33940f7c05a89e243c47e907eb4db6f1a43e5", size = 113555 }
wheels = [
    { url = "https://files.pythonhosted.org/packages/49/d3/b8441a820a491ddfc024b0b0cf0393375b75ea13866d9c66727e54c2fc80/typing_extensions-4.16.0-py3-none-any.whl", hash = "sha256:481caa481374e813c1b176ada14e97f1f67a4539ce9cfeb3f350d78d6370c2e8", size = 45571 },
]

[[package]]
name = "unmanned-factory"
version = "0.1.0"
source = { virtual = "." }
dependencies = [
    { name = "pyyaml" },
    { name = "sqlalchemy" },
]

[package.dev-dependencies]
dev = [
    { name = "pytest" },
]

[package.metadata]
requires-dist = [
    { name = "pyyaml", specifier = "==6.0.2" },
    { name = "sqlalchemy", specifier = "==2.0.50" },
]

[package.metadata.requires-dev]
dev = [{ name = "pytest", specifier = "==9.0.3" }]
